
Microsoft Visual Studio Solution File, Format Version 12.00
Project("{FAE04EC0-301F-11D3-BF4B-00C04F79EFBC}") = "EndlessDelivery", "EndlessDelivery\EndlessDelivery.csproj", "{74D6D0AF-0673-473C-B490-F5D6609A34A2}"
EndProject
Project("{FAE04EC0-301F-11D3-BF4B-00C04F79EFBC}") = "EndlessDeliveryScoreServer", "EndlessDeliveryScoreServer\EndlessDeliveryScoreServer.csproj", "{EDFD2871-EE7C-4E31-AA46-C7CEC8E3DA31}"
EndProject
Global
	GlobalSection(SolutionConfigurationPlatforms) = preSolution
		Debug|Any CPU = Debug|Any CPU
		Release|Any CPU = Release|Any CPU
	EndGlobalSection
	GlobalSection(ProjectConfigurationPlatforms) = postSolution
		{74D6D0AF-0673-473C-B490-F5D6609A34A2}.Debug|Any CPU.ActiveCfg = Debug|Any CPU
		{74D6D0AF-0673-473C-B490-F5D6609A34A2}.Debug|Any CPU.Build.0 = Debug|Any CPU
		{74D6D0AF-0673-473C-B490-F5D6609A34A2}.Release|Any CPU.ActiveCfg = Release|Any CPU
		{74D6D0AF-0673-473C-B490-F5D6609A34A2}.Release|Any CPU.Build.0 = Release|Any CPU
		{EDFD2871-EE7C-4E31-AA46-C7CEC8E3DA31}.Debug|Any CPU.ActiveCfg = Debug|Any CPU
		{EDFD2871-EE7C-4E31-AA46-C7CEC8E3DA31}.Debug|Any CPU.Build.0 = Debug|Any CPU
		{EDFD2871-EE7C-4E31-AA46-C7CEC8E3DA31}.Release|Any CPU.ActiveCfg = Release|Any CPU
		{EDFD2871-EE7C-4E31-AA46-C7CEC8E3DA31}.Release|Any CPU.Build.0 = Release|Any CPU
	EndGlobalSection
EndGlobal
