
Microsoft Visual Studio Solution File, Format Version 12.00
# Visual Studio Version 17
VisualStudioVersion = 17.8.34330.188
MinimumVisualStudioVersion = 10.0.40219.1
Project("{9A19103F-16F7-4668-BE54-9A1E7A4F7556}") = "EndlessDelivery", "EndlessDelivery\EndlessDelivery.csproj", "{74D6D0AF-0673-473C-B490-F5D6609A34A2}"
EndProject
Project("{9A19103F-16F7-4668-BE54-9A1E7A4F7556}") = "EndlessDelivery.Server", "EndlessDelivery.Server\EndlessDelivery.Server.csproj", "{EDFD2871-EE7C-4E31-AA46-C7CEC8E3DA31}"
EndProject
Project("{FAE04EC0-301F-11D3-BF4B-00C04F79EFBC}") = "EndlessDelivery.Common", "EndlessDelivery.Common\EndlessDelivery.Common.csproj", "{06B1186D-33D0-40D9-9442-FD728213B3D0}"
EndProject
Project("{FAE04EC0-301F-11D3-BF4B-00C04F79EFBC}") = "EndlessDelivery.Api", "EndlessDelivery.Api\EndlessDelivery.Api.csproj", "{3F428E41-FFFE-477F-8E26-A9FA8D15AEED}"
EndProject
Global
	GlobalSection(SolutionConfigurationPlatforms) = preSolution
		Debug|Any CPU = Debug|Any CPU
		Release|Any CPU = Release|Any CPU
	EndGlobalSection
	GlobalSection(ProjectConfigurationPlatforms) = postSolution
		{74D6D0AF-0673-473C-B490-F5D6609A34A2}.Debug|Any CPU.ActiveCfg = Debug|Any CPU
		{74D6D0AF-0673-473C-B490-F5D6609A34A2}.Debug|Any CPU.Build.0 = Debug|Any CPU
		{74D6D0AF-0673-473C-B490-F5D6609A34A2}.Release|Any CPU.ActiveCfg = Release|Any CPU
		{74D6D0AF-0673-473C-B490-F5D6609A34A2}.Release|Any CPU.Build.0 = Release|Any CPU
		{EDFD2871-EE7C-4E31-AA46-C7CEC8E3DA31}.Debug|Any CPU.ActiveCfg = Debug|Any CPU
		{EDFD2871-EE7C-4E31-AA46-C7CEC8E3DA31}.Debug|Any CPU.Build.0 = Debug|Any CPU
		{EDFD2871-EE7C-4E31-AA46-C7CEC8E3DA31}.Release|Any CPU.ActiveCfg = Release|Any CPU
		{EDFD2871-EE7C-4E31-AA46-C7CEC8E3DA31}.Release|Any CPU.Build.0 = Release|Any CPU
		{06B1186D-33D0-40D9-9442-FD728213B3D0}.Debug|Any CPU.ActiveCfg = Debug|Any CPU
		{06B1186D-33D0-40D9-9442-FD728213B3D0}.Debug|Any CPU.Build.0 = Debug|Any CPU
		{06B1186D-33D0-40D9-9442-FD728213B3D0}.Release|Any CPU.ActiveCfg = Release|Any CPU
		{06B1186D-33D0-40D9-9442-FD728213B3D0}.Release|Any CPU.Build.0 = Release|Any CPU
		{3F428E41-FFFE-477F-8E26-A9FA8D15AEED}.Debug|Any CPU.ActiveCfg = Debug|Any CPU
		{3F428E41-FFFE-477F-8E26-A9FA8D15AEED}.Debug|Any CPU.Build.0 = Debug|Any CPU
		{3F428E41-FFFE-477F-8E26-A9FA8D15AEED}.Release|Any CPU.ActiveCfg = Release|Any CPU
		{3F428E41-FFFE-477F-8E26-A9FA8D15AEED}.Release|Any CPU.Build.0 = Release|Any CPU
	EndGlobalSection
	GlobalSection(SolutionProperties) = preSolution
		HideSolutionNode = FALSE
	EndGlobalSection
EndGlobal
